
Microsoft Visual Studio Solution File, Format Version 12.00
# Visual Studio 15
VisualStudioVersion = 15.0.27428.2037
MinimumVisualStudioVersion = 10.0.40219.1
Project("{9A19103F-16F7-4668-BE54-9A1E7A4F7556}") = "test", "test.csproj", "{54005DE3-DDA5-4054-B1E5-C615C6978944}"
EndProject
Global
	GlobalSection(SolutionConfigurationPlatforms) = preSolution
		Debug|Any CPU = Debug|Any CPU
		Release|Any CPU = Release|Any CPU
	EndGlobalSection
	GlobalSection(ProjectConfigurationPlatforms) = postSolution
		{54005DE3-DDA5-4054-B1E5-C615C6978944}.Debug|Any CPU.ActiveCfg = Debug|Any CPU
		{54005DE3-DDA5-4054-B1E5-C615C6978944}.Debug|Any CPU.Build.0 = Debug|Any CPU
		{54005DE3-DDA5-4054-B1E5-C615C6978944}.Release|Any CPU.ActiveCfg = Release|Any CPU
		{54005DE3-DDA5-4054-B1E5-C615C6978944}.Release|Any CPU.Build.0 = Release|Any CPU
	EndGlobalSection
	GlobalSection(SolutionProperties) = preSolution
		HideSolutionNode = FALSE
	EndGlobalSection
	GlobalSection(ExtensibilityGlobals) = postSolution
		SolutionGuid = {4F11FC6D-B967-4BB4-B687-47D6434B6F5D}
	EndGlobalSection
EndGlobal
