
Microsoft Visual Studio Solution File, Format Version 12.00
# Visual Studio 15
VisualStudioVersion = 15.0.27428.2037
MinimumVisualStudioVersion = 10.0.40219.1
Project("{FAE04EC0-301F-11D3-BF4B-00C04F79EFBC}") = "ConsoleApp6", "ConsoleApp6\ConsoleApp6.csproj", "{8DB91C96-3426-4D10-8352-4A179858C483}"
EndProject
Global
	GlobalSection(SolutionConfigurationPlatforms) = preSolution
		Debug|Any CPU = Debug|Any CPU
		Release|Any CPU = Release|Any CPU
	EndGlobalSection
	GlobalSection(ProjectConfigurationPlatforms) = postSolution
		{8DB91C96-3426-4D10-8352-4A179858C483}.Debug|Any CPU.ActiveCfg = Debug|Any CPU
		{8DB91C96-3426-4D10-8352-4A179858C483}.Debug|Any CPU.Build.0 = Debug|Any CPU
		{8DB91C96-3426-4D10-8352-4A179858C483}.Release|Any CPU.ActiveCfg = Release|Any CPU
		{8DB91C96-3426-4D10-8352-4A179858C483}.Release|Any CPU.Build.0 = Release|Any CPU
	EndGlobalSection
	GlobalSection(SolutionProperties) = preSolution
		HideSolutionNode = FALSE
	EndGlobalSection
	GlobalSection(ExtensibilityGlobals) = postSolution
		SolutionGuid = {CA85E5A4-6EF8-429A-9DCE-3C7AD673C43E}
	EndGlobalSection
EndGlobal
